# THIS IS AN AUTOGENERATED FILE. DO NOT EDIT THIS FILE DIRECTLY.
# yarn lockfile v1


chart.js@^3.9.1:
  version "3.9.1"
  resolved "https://registry.npmjs.org/chart.js/-/chart.js-3.9.1.tgz"
  integrity sha512-Ro2JbLmvg83gXF5F4sniaQ+lTbSv18E+TIf2cOeiH1Iqd2PGFOtem+DUufMZsCJwFE7ywPOpfXFBwRTGq7dh6w==

jquery@^3.6.1:
  version "3.6.1"
  resolved "https://registry.npmjs.org/jquery/-/jquery-3.6.1.tgz"
  integrity sha512-opJeO4nCucVnsjiXOE+/PcCgYw9Gwpvs/a6B1LL/lQhwWwpbVEVYDZ1FokFr8PRc7ghYlrFPuyHuiiDNTQxmcw==

react-chartjs-2@^4.3.1:
  version "4.3.1"
  resolved "https://registry.npmjs.org/react-chartjs-2/-/react-chartjs-2-4.3.1.tgz"
  integrity sha512-5i3mjP6tU7QSn0jvb8I4hudTzHJqS8l00ORJnVwI2sYu0ihpj83Lv2YzfxunfxTZkscKvZu2F2w9LkwNBhj6xA==
